
Microsoft Visual Studio Solution File, Format Version 12.00
# Visual Studio Version 16
VisualStudioVersion = 16.0.28803.452
MinimumVisualStudioVersion = 10.0.40219.1
Project("{FAE04EC0-301F-11D3-BF4B-00C04F79EFBC}") = "BeatSpearSupport", "BeatSpearSupport\BeatSpearSupport.csproj", "{EAF41569-91AA-4411-8194-1E7628949EAE}"
EndProject
Global
	GlobalSection(SolutionConfigurationPlatforms) = preSolution
		Debug|Any CPU = Debug|Any CPU
		Release|Any CPU = Release|Any CPU
	EndGlobalSection
	GlobalSection(ProjectConfigurationPlatforms) = postSolution
		{EAF41569-91AA-4411-8194-1E7628949EAE}.Debug|Any CPU.ActiveCfg = Debug|Any CPU
		{EAF41569-91AA-4411-8194-1E7628949EAE}.Debug|Any CPU.Build.0 = Debug|Any CPU
		{EAF41569-91AA-4411-8194-1E7628949EAE}.Release|Any CPU.ActiveCfg = Release|Any CPU
		{EAF41569-91AA-4411-8194-1E7628949EAE}.Release|Any CPU.Build.0 = Release|Any CPU
	EndGlobalSection
	GlobalSection(SolutionProperties) = preSolution
		HideSolutionNode = FALSE
	EndGlobalSection
	GlobalSection(ExtensibilityGlobals) = postSolution
		SolutionGuid = {1A055412-34FE-4AD2-B529-7FB63927EDF7}
	EndGlobalSection
EndGlobal
